// !$*UTF8*$!
{
	archiveVersion = 1;
	classes = {
	};
	objectVersion = 50;
	objects = {

/* Begin PBXBuildFile section */
		18A846D8DF6C19E15229C7AA /* Pods_DevOpsiOSAppTests.framework in Frameworks */ = {isa = PBXBuildFile; fileRef = D4A472F1FDA2902FF766E0DE /* Pods_DevOpsiOSAppTests.framework */; };
		94FFBE592303DE5A00F766BA /* AppDelegate.swift in Sources */ = {isa = PBXBuildFile; fileRef = 94FFBE582303DE5A00F766BA /* AppDelegate.swift */; };
		94FFBE5B2303DE5A00F766BA /* ViewController.swift in Sources */ = {isa = PBXBuildFile; fileRef = 94FFBE5A2303DE5A00F766BA /* ViewController.swift */; };
		94FFBE5E2303DE5A00F766BA /* Main.storyboard in Resources */ = {isa = PBXBuildFile; fileRef = 94FFBE5C2303DE5A00F766BA /* Main.storyboard */; };
		94FFBE602303DE5D00F766BA /* Assets.xcassets in Resources */ = {isa = PBXBuildFile; fileRef = 94FFBE5F2303DE5D00F766BA /* Assets.xcassets */; };
		94FFBE632303DE5D00F766BA /* LaunchScreen.storyboard in Resources */ = {isa = PBXBuildFile; fileRef = 94FFBE612303DE5D00F766BA /* LaunchScreen.storyboard */; };
		94FFBE6E2303DE5E00F766BA /* DevOpsiOSAppTests.swift in Sources */ = {isa = PBXBuildFile; fileRef = 94FFBE6D2303DE5E00F766BA /* DevOpsiOSAppTests.swift */; };
		94FFBE792303DE5E00F766BA /* DevOpsiOSAppUITests.swift in Sources */ = {isa = PBXBuildFile; fileRef = 94FFBE782303DE5E00F766BA /* DevOpsiOSAppUITests.swift */; };
		AE4065B657EF1F88C60A5697 /* Pods_DevOpsiOSApp.framework in Frameworks */ = {isa = PBXBuildFile; fileRef = 97AA708D3122B3012E5C4135 /* Pods_DevOpsiOSApp.framework */; };
		D7527CECF8FAF6CDE7F50F39 /* Pods_DevOpsiOSAppUITests.framework in Frameworks */ = {isa = PBXBuildFile; fileRef = 7B9D448D80B554F1051ACF15 /* Pods_DevOpsiOSAppUITests.framework */; };
/* End PBXBuildFile section */

/* Begin PBXContainerItemProxy section */
		94FFBE6A2303DE5E00F766BA /* PBXContainerItemProxy */ = {
			isa = PBXContainerItemProxy;
			containerPortal = 94FFBE4D2303DE5A00F766BA /* Project object */;
			proxyType = 1;
			remoteGlobalIDString = 94FFBE542303DE5A00F766BA;
			remoteInfo = DevOpsiOSApp;
		};
		94FFBE752303DE5E00F766BA /* PBXContainerItemProxy */ = {
			isa = PBXContainerItemProxy;
			containerPortal = 94FFBE4D2303DE5A00F766BA /* Project object */;
			proxyType = 1;
			remoteGlobalIDString = 94FFBE542303DE5A00F766BA;
			remoteInfo = DevOpsiOSApp;
		};
/* End PBXContainerItemProxy section */

/* Begin PBXFileReference section */
		2E6551D58142EB1D755382BD /* Pods-DevOpsiOSAppUITests.debug.xcconfig */ = {isa = PBXFileReference; includeInIndex = 1; lastKnownFileType = text.xcconfig; name = "Pods-DevOpsiOSAppUITests.debug.xcconfig"; path = "Target Support Files/Pods-DevOpsiOSAppUITests/Pods-DevOpsiOSAppUITests.debug.xcconfig"; sourceTree = "<group>"; };
		3888FA983F69C184C9D06316 /* Pods-DevOpsiOSApp.debug.xcconfig */ = {isa = PBXFileReference; includeInIndex = 1; lastKnownFileType = text.xcconfig; name = "Pods-DevOpsiOSApp.debug.xcconfig"; path = "Target Support Files/Pods-DevOpsiOSApp/Pods-DevOpsiOSApp.debug.xcconfig"; sourceTree = "<group>"; };
		65FF1B1225BD3A64B8C6B5D1 /* Pods-DevOpsiOSAppTests.release.xcconfig */ = {isa = PBXFileReference; includeInIndex = 1; lastKnownFileType = text.xcconfig; name = "Pods-DevOpsiOSAppTests.release.xcconfig"; path = "Target Support Files/Pods-DevOpsiOSAppTests/Pods-DevOpsiOSAppTests.release.xcconfig"; sourceTree = "<group>"; };
		7B9D448D80B554F1051ACF15 /* Pods_DevOpsiOSAppUITests.framework */ = {isa = PBXFileReference; explicitFileType = wrapper.framework; includeInIndex = 0; path = Pods_DevOpsiOSAppUITests.framework; sourceTree = BUILT_PRODUCTS_DIR; };
		94FFBE552303DE5A00F766BA /* DevOpsiOSApp.app */ = {isa = PBXFileReference; explicitFileType = wrapper.application; includeInIndex = 0; path = DevOpsiOSApp.app; sourceTree = BUILT_PRODUCTS_DIR; };
		94FFBE582303DE5A00F766BA /* AppDelegate.swift */ = {isa = PBXFileReference; lastKnownFileType = sourcecode.swift; path = AppDelegate.swift; sourceTree = "<group>"; };
		94FFBE5A2303DE5A00F766BA /* ViewController.swift */ = {isa = PBXFileReference; lastKnownFileType = sourcecode.swift; path = ViewController.swift; sourceTree = "<group>"; };
		94FFBE5D2303DE5A00F766BA /* Base */ = {isa = PBXFileReference; lastKnownFileType = file.storyboard; name = Base; path = Base.lproj/Main.storyboard; sourceTree = "<group>"; };
		94FFBE5F2303DE5D00F766BA /* Assets.xcassets */ = {isa = PBXFileReference; lastKnownFileType = folder.assetcatalog; path = Assets.xcassets; sourceTree = "<group>"; };
		94FFBE622303DE5D00F766BA /* Base */ = {isa = PBXFileReference; lastKnownFileType = file.storyboard; name = Base; path = Base.lproj/LaunchScreen.storyboard; sourceTree = "<group>"; };
		94FFBE642303DE5D00F766BA /* Info.plist */ = {isa = PBXFileReference; lastKnownFileType = text.plist.xml; path = Info.plist; sourceTree = "<group>"; };
		94FFBE692303DE5E00F766BA /* DevOpsiOSAppTests.xctest */ = {isa = PBXFileReference; explicitFileType = wrapper.cfbundle; includeInIndex = 0; path = DevOpsiOSAppTests.xctest; sourceTree = BUILT_PRODUCTS_DIR; };
		94FFBE6D2303DE5E00F766BA /* DevOpsiOSAppTests.swift */ = {isa = PBXFileReference; lastKnownFileType = sourcecode.swift; path = DevOpsiOSAppTests.swift; sourceTree = "<group>"; };
		94FFBE6F2303DE5E00F766BA /* Info.plist */ = {isa = PBXFileReference; lastKnownFileType = text.plist.xml; path = Info.plist; sourceTree = "<group>"; };
		94FFBE742303DE5E00F766BA /* DevOpsiOSAppUITests.xctest */ = {isa = PBXFileReference; explicitFileType = wrapper.cfbundle; includeInIndex = 0; path = DevOpsiOSAppUITests.xctest; sourceTree = BUILT_PRODUCTS_DIR; };
		94FFBE782303DE5E00F766BA /* DevOpsiOSAppUITests.swift */ = {isa = PBXFileReference; lastKnownFileType = sourcecode.swift; path = DevOpsiOSAppUITests.swift; sourceTree = "<group>"; };
		94FFBE7A2303DE5E00F766BA /* Info.plist */ = {isa = PBXFileReference; lastKnownFileType = text.plist.xml; path = Info.plist; sourceTree = "<group>"; };
		97AA708D3122B3012E5C4135 /* Pods_DevOpsiOSApp.framework */ = {isa = PBXFileReference; explicitFileType = wrapper.framework; includeInIndex = 0; path = Pods_DevOpsiOSApp.framework; sourceTree = BUILT_PRODUCTS_DIR; };
		D4A472F1FDA2902FF766E0DE /* Pods_DevOpsiOSAppTests.framework */ = {isa = PBXFileReference; explicitFileType = wrapper.framework; includeInIndex = 0; path = Pods_DevOpsiOSAppTests.framework; sourceTree = BUILT_PRODUCTS_DIR; };
		EB98070669048297BA52D579 /* Pods-DevOpsiOSAppTests.debug.xcconfig */ = {isa = PBXFileReference; includeInIndex = 1; lastKnownFileType = text.xcconfig; name = "Pods-DevOpsiOSAppTests.debug.xcconfig"; path = "Target Support Files/Pods-DevOpsiOSAppTests/Pods-DevOpsiOSAppTests.debug.xcconfig"; sourceTree = "<group>"; };
		EC3EA06AA9EBC7EB786D065A /* Pods-DevOpsiOSAppUITests.release.xcconfig */ = {isa = PBXFileReference; includeInIndex = 1; lastKnownFileType = text.xcconfig; name = "Pods-DevOpsiOSAppUITests.release.xcconfig"; path = "Target Support Files/Pods-DevOpsiOSAppUITests/Pods-DevOpsiOSAppUITests.release.xcconfig"; sourceTree = "<group>"; };
		FC3176B33B86B86AAB1055BB /* Pods-DevOpsiOSApp.release.xcconfig */ = {isa = PBXFileReference; includeInIndex = 1; lastKnownFileType = text.xcconfig; name = "Pods-DevOpsiOSApp.release.xcconfig"; path = "Target Support Files/Pods-DevOpsiOSApp/Pods-DevOpsiOSApp.release.xcconfig"; sourceTree = "<group>"; };
/* End PBXFileReference section */

/* Begin PBXFrameworksBuildPhase section */
		94FFBE522303DE5A00F766BA /* Frameworks */ = {
			isa = PBXFrameworksBuildPhase;
			buildActionMask = 2147483647;
			files = (
				AE4065B657EF1F88C60A5697 /* Pods_DevOpsiOSApp.framework in Frameworks */,
			);
			runOnlyForDeploymentPostprocessing = 0;
		};
		94FFBE662303DE5E00F766BA /* Frameworks */ = {
			isa = PBXFrameworksBuildPhase;
			buildActionMask = 2147483647;
			files = (
				18A846D8DF6C19E15229C7AA /* Pods_DevOpsiOSAppTests.framework in Frameworks */,
			);
			runOnlyForDeploymentPostprocessing = 0;
		};
		94FFBE712303DE5E00F766BA /* Frameworks */ = {
			isa = PBXFrameworksBuildPhase;
			buildActionMask = 2147483647;
			files = (
				D7527CECF8FAF6CDE7F50F39 /* Pods_DevOpsiOSAppUITests.framework in Frameworks */,
			);
			runOnlyForDeploymentPostprocessing = 0;
		};
/* End PBXFrameworksBuildPhase section */

/* Begin PBXGroup section */
		205C4B8A004E510297F9954D /* Frameworks */ = {
			isa = PBXGroup;
			children = (
				97AA708D3122B3012E5C4135 /* Pods_DevOpsiOSApp.framework */,
				D4A472F1FDA2902FF766E0DE /* Pods_DevOpsiOSAppTests.framework */,
				7B9D448D80B554F1051ACF15 /* Pods_DevOpsiOSAppUITests.framework */,
			);
			name = Frameworks;
			sourceTree = "<group>";
		};
		569F580030D1FD584D5E8859 /* Pods */ = {
			isa = PBXGroup;
			children = (
				3888FA983F69C184C9D06316 /* Pods-DevOpsiOSApp.debug.xcconfig */,
				FC3176B33B86B86AAB1055BB /* Pods-DevOpsiOSApp.release.xcconfig */,
				EB98070669048297BA52D579 /* Pods-DevOpsiOSAppTests.debug.xcconfig */,
				65FF1B1225BD3A64B8C6B5D1 /* Pods-DevOpsiOSAppTests.release.xcconfig */,
				2E6551D58142EB1D755382BD /* Pods-DevOpsiOSAppUITests.debug.xcconfig */,
				EC3EA06AA9EBC7EB786D065A /* Pods-DevOpsiOSAppUITests.release.xcconfig */,
			);
			name = Pods;
			path = Pods;
			sourceTree = "<group>";
		};
		94FFBE4C2303DE5A00F766BA = {
			isa = PBXGroup;
			children = (
				94FFBE572303DE5A00F766BA /* DevOpsiOSApp */,
				94FFBE6C2303DE5E00F766BA /* DevOpsiOSAppTests */,
				94FFBE772303DE5E00F766BA /* DevOpsiOSAppUITests */,
				94FFBE562303DE5A00F766BA /* Products */,
				569F580030D1FD584D5E8859 /* Pods */,
				205C4B8A004E510297F9954D /* Frameworks */,
			);
			sourceTree = "<group>";
		};
		94FFBE562303DE5A00F766BA /* Products */ = {
			isa = PBXGroup;
			children = (
				94FFBE552303DE5A00F766BA /* DevOpsiOSApp.app */,
				94FFBE692303DE5E00F766BA /* DevOpsiOSAppTests.xctest */,
				94FFBE742303DE5E00F766BA /* DevOpsiOSAppUITests.xctest */,
			);
			name = Products;
			sourceTree = "<group>";
		};
		94FFBE572303DE5A00F766BA /* DevOpsiOSApp */ = {
			isa = PBXGroup;
			children = (
				94FFBE582303DE5A00F766BA /* AppDelegate.swift */,
				94FFBE5A2303DE5A00F766BA /* ViewController.swift */,
				94FFBE5C2303DE5A00F766BA /* Main.storyboard */,
				94FFBE5F2303DE5D00F766BA /* Assets.xcassets */,
				94FFBE612303DE5D00F766BA /* LaunchScreen.storyboard */,
				94FFBE642303DE5D00F766BA /* Info.plist */,
			);
			path = DevOpsiOSApp;
			sourceTree = "<group>";
		};
		94FFBE6C2303DE5E00F766BA /* DevOpsiOSAppTests */ = {
			isa = PBXGroup;
			children = (
				94FFBE6D2303DE5E00F766BA /* DevOpsiOSAppTests.swift */,
				94FFBE6F2303DE5E00F766BA /* Info.plist */,
			);
			path = DevOpsiOSAppTests;
			sourceTree = "<group>";
		};
		94FFBE772303DE5E00F766BA /* DevOpsiOSAppUITests */ = {
			isa = PBXGroup;
			children = (
				94FFBE782303DE5E00F766BA /* DevOpsiOSAppUITests.swift */,
				94FFBE7A2303DE5E00F766BA /* Info.plist */,
			);
			path = DevOpsiOSAppUITests;
			sourceTree = "<group>";
		};
/* End PBXGroup section */

/* Begin PBXNativeTarget section */
		94FFBE542303DE5A00F766BA /* DevOpsiOSApp */ = {
			isa = PBXNativeTarget;
			buildConfigurationList = 94FFBE7D2303DE5E00F766BA /* Build configuration list for PBXNativeTarget "DevOpsiOSApp" */;
			buildPhases = (
				2CCD0F3D314EE63E88A8AC10 /* [CP] Check Pods Manifest.lock */,
				94FFBE512303DE5A00F766BA /* Sources */,
				94FFBE522303DE5A00F766BA /* Frameworks */,
				94FFBE532303DE5A00F766BA /* Resources */,
			);
			buildRules = (
			);
			dependencies = (
			);
			name = DevOpsiOSApp;
			productName = DevOpsiOSApp;
			productReference = 94FFBE552303DE5A00F766BA /* DevOpsiOSApp.app */;
			productType = "com.apple.product-type.application";
		};
		94FFBE682303DE5E00F766BA /* DevOpsiOSAppTests */ = {
			isa = PBXNativeTarget;
			buildConfigurationList = 94FFBE802303DE5E00F766BA /* Build configuration list for PBXNativeTarget "DevOpsiOSAppTests" */;
			buildPhases = (
				08193A10719A3C5AA9E9F915 /* [CP] Check Pods Manifest.lock */,
				94FFBE652303DE5E00F766BA /* Sources */,
				94FFBE662303DE5E00F766BA /* Frameworks */,
				94FFBE672303DE5E00F766BA /* Resources */,
			);
			buildRules = (
			);
			dependencies = (
				94FFBE6B2303DE5E00F766BA /* PBXTargetDependency */,
			);
			name = DevOpsiOSAppTests;
			productName = DevOpsiOSAppTests;
			productReference = 94FFBE692303DE5E00F766BA /* DevOpsiOSAppTests.xctest */;
			productType = "com.apple.product-type.bundle.unit-test";
		};
		94FFBE732303DE5E00F766BA /* DevOpsiOSAppUITests */ = {
			isa = PBXNativeTarget;
			buildConfigurationList = 94FFBE832303DE5E00F766BA /* Build configuration list for PBXNativeTarget "DevOpsiOSAppUITests" */;
			buildPhases = (
				FF8F08FC0EFD6F69372D0741 /* [CP] Check Pods Manifest.lock */,
				94FFBE702303DE5E00F766BA /* Sources */,
				94FFBE712303DE5E00F766BA /* Frameworks */,
				94FFBE722303DE5E00F766BA /* Resources */,
			);
			buildRules = (
			);
			dependencies = (
				94FFBE762303DE5E00F766BA /* PBXTargetDependency */,
			);
			name = DevOpsiOSAppUITests;
			productName = DevOpsiOSAppUITests;
			productReference = 94FFBE742303DE5E00F766BA /* DevOpsiOSAppUITests.xctest */;
			productType = "com.apple.product-type.bundle.ui-testing";
		};
/* End PBXNativeTarget section */

/* Begin PBXProject section */
		94FFBE4D2303DE5A00F766BA /* Project object */ = {
			isa = PBXProject;
			attributes = {
				LastSwiftUpdateCheck = 1030;
				LastUpgradeCheck = 1030;
				ORGANIZATIONNAME = Tushar;
				TargetAttributes = {
					94FFBE542303DE5A00F766BA = {
						CreatedOnToolsVersion = 10.3;
					};
					94FFBE682303DE5E00F766BA = {
						CreatedOnToolsVersion = 10.3;
						TestTargetID = 94FFBE542303DE5A00F766BA;
					};
					94FFBE732303DE5E00F766BA = {
						CreatedOnToolsVersion = 10.3;
						TestTargetID = 94FFBE542303DE5A00F766BA;
					};
				};
			};
			buildConfigurationList = 94FFBE502303DE5A00F766BA /* Build configuration list for PBXProject "DevOpsiOSApp" */;
			compatibilityVersion = "Xcode 9.3";
			developmentRegion = en;
			hasScannedForEncodings = 0;
			knownRegions = (
				en,
				Base,
			);
			mainGroup = 94FFBE4C2303DE5A00F766BA;
			productRefGroup = 94FFBE562303DE5A00F766BA /* Products */;
			projectDirPath = "";
			projectRoot = "";
			targets = (
				94FFBE542303DE5A00F766BA /* DevOpsiOSApp */,
				94FFBE682303DE5E00F766BA /* DevOpsiOSAppTests */,
				94FFBE732303DE5E00F766BA /* DevOpsiOSAppUITests */,
			);
		};
/* End PBXProject section */

/* Begin PBXResourcesBuildPhase section */
		94FFBE532303DE5A00F766BA /* Resources */ = {
			isa = PBXResourcesBuildPhase;
			buildActionMask = 2147483647;
			files = (
				94FFBE632303DE5D00F766BA /* LaunchScreen.storyboard in Resources */,
				94FFBE602303DE5D00F766BA /* Assets.xcassets in Resources */,
				94FFBE5E2303DE5A00F766BA /* Main.storyboard in Resources */,
			);
			runOnlyForDeploymentPostprocessing = 0;
		};
		94FFBE672303DE5E00F766BA /* Resources */ = {
			isa = PBXResourcesBuildPhase;
			buildActionMask = 2147483647;
			files = (
			);
			runOnlyForDeploymentPostprocessing = 0;
		};
		94FFBE722303DE5E00F766BA /* Resources */ = {
			isa = PBXResourcesBuildPhase;
			buildActionMask = 2147483647;
			files = (
			);
			runOnlyForDeploymentPostprocessing = 0;
		};
/* End PBXResourcesBuildPhase section */

/* Begin PBXShellScriptBuildPhase section */
		08193A10719A3C5AA9E9F915 /* [CP] Check Pods Manifest.lock */ = {
			isa = PBXShellScriptBuildPhase;
			buildActionMask = 2147483647;
			files = (
			);
			inputFileListPaths = (
			);
			inputPaths = (
				"${PODS_PODFILE_DIR_PATH}/Podfile.lock",
				"${PODS_ROOT}/Manifest.lock",
			);
			name = "[CP] Check Pods Manifest.lock";
			outputFileListPaths = (
			);
			outputPaths = (
				"$(DERIVED_FILE_DIR)/Pods-DevOpsiOSAppTests-checkManifestLockResult.txt",
			);
			runOnlyForDeploymentPostprocessing = 0;
			shellPath = /bin/sh;
			shellScript = "diff \"${PODS_PODFILE_DIR_PATH}/Podfile.lock\" \"${PODS_ROOT}/Manifest.lock\" > /dev/null\nif [ $? != 0 ] ; then\n    # print error to STDERR\n    echo \"error: The sandbox is not in sync with the Podfile.lock. Run 'pod install' or update your CocoaPods installation.\" >&2\n    exit 1\nfi\n# This output is used by Xcode 'outputs' to avoid re-running this script phase.\necho \"SUCCESS\" > \"${SCRIPT_OUTPUT_FILE_0}\"\n";
			showEnvVarsInLog = 0;
		};
		2CCD0F3D314EE63E88A8AC10 /* [CP] Check Pods Manifest.lock */ = {
			isa = PBXShellScriptBuildPhase;
			buildActionMask = 2147483647;
			files = (
			);
			inputFileListPaths = (
			);
			inputPaths = (
				"${PODS_PODFILE_DIR_PATH}/Podfile.lock",
				"${PODS_ROOT}/Manifest.lock",
			);
			name = "[CP] Check Pods Manifest.lock";
			outputFileListPaths = (
			);
			outputPaths = (
				"$(DERIVED_FILE_DIR)/Pods-DevOpsiOSApp-checkManifestLockResult.txt",
			);
			runOnlyForDeploymentPostprocessing = 0;
			shellPath = /bin/sh;
			shellScript = "diff \"${PODS_PODFILE_DIR_PATH}/Podfile.lock\" \"${PODS_ROOT}/Manifest.lock\" > /dev/null\nif [ $? != 0 ] ; then\n    # print error to STDERR\n    echo \"error: The sandbox is not in sync with the Podfile.lock. Run 'pod install' or update your CocoaPods installation.\" >&2\n    exit 1\nfi\n# This output is used by Xcode 'outputs' to avoid re-running this script phase.\necho \"SUCCESS\" > \"${SCRIPT_OUTPUT_FILE_0}\"\n";
			showEnvVarsInLog = 0;
		};
		FF8F08FC0EFD6F69372D0741 /* [CP] Check Pods Manifest.lock */ = {
			isa = PBXShellScriptBuildPhase;
			buildActionMask = 2147483647;
			files = (
			);
			inputFileListPaths = (
			);
			inputPaths = (
				"${PODS_PODFILE_DIR_PATH}/Podfile.lock",
				"${PODS_ROOT}/Manifest.lock",
			);
			name = "[CP] Check Pods Manifest.lock";
			outputFileListPaths = (
			);
			outputPaths = (
				"$(DERIVED_FILE_DIR)/Pods-DevOpsiOSAppUITests-checkManifestLockResult.txt",
			);
			runOnlyForDeploymentPostprocessing = 0;
			shellPath = /bin/sh;
			shellScript = "diff \"${PODS_PODFILE_DIR_PATH}/Podfile.lock\" \"${PODS_ROOT}/Manifest.lock\" > /dev/null\nif [ $? != 0 ] ; then\n    # print error to STDERR\n    echo \"error: The sandbox is not in sync with the Podfile.lock. Run 'pod install' or update your CocoaPods installation.\" >&2\n    exit 1\nfi\n# This output is used by Xcode 'outputs' to avoid re-running this script phase.\necho \"SUCCESS\" > \"${SCRIPT_OUTPUT_FILE_0}\"\n";
			showEnvVarsInLog = 0;
		};
/* End PBXShellScriptBuildPhase section */

/* Begin PBXSourcesBuildPhase section */
		94FFBE512303DE5A00F766BA /* Sources */ = {
			isa = PBXSourcesBuildPhase;
			buildActionMask = 2147483647;
			files = (
				94FFBE5B2303DE5A00F766BA /* ViewController.swift in Sources */,
				94FFBE592303DE5A00F766BA /* AppDelegate.swift in Sources */,
			);
			runOnlyForDeploymentPostprocessing = 0;
		};
		94FFBE652303DE5E00F766BA /* Sources */ = {
			isa = PBXSourcesBuildPhase;
			buildActionMask = 2147483647;
			files = (
				94FFBE6E2303DE5E00F766BA /* DevOpsiOSAppTests.swift in Sources */,
			);
			runOnlyForDeploymentPostprocessing = 0;
		};
		94FFBE702303DE5E00F766BA /* Sources */ = {
			isa = PBXSourcesBuildPhase;
			buildActionMask = 2147483647;
			files = (
				94FFBE792303DE5E00F766BA /* DevOpsiOSAppUITests.swift in Sources */,
			);
			runOnlyForDeploymentPostprocessing = 0;
		};
/* End PBXSourcesBuildPhase section */

/* Begin PBXTargetDependency section */
		94FFBE6B2303DE5E00F766BA /* PBXTargetDependency */ = {
			isa = PBXTargetDependency;
			target = 94FFBE542303DE5A00F766BA /* DevOpsiOSApp */;
			targetProxy = 94FFBE6A2303DE5E00F766BA /* PBXContainerItemProxy */;
		};
		94FFBE762303DE5E00F766BA /* PBXTargetDependency */ = {
			isa = PBXTargetDependency;
			target = 94FFBE542303DE5A00F766BA /* DevOpsiOSApp */;
			targetProxy = 94FFBE752303DE5E00F766BA /* PBXContainerItemProxy */;
		};
/* End PBXTargetDependency section */

/* Begin PBXVariantGroup section */
		94FFBE5C2303DE5A00F766BA /* Main.storyboard */ = {
			isa = PBXVariantGroup;
			children = (
				94FFBE5D2303DE5A00F766BA /* Base */,
			);
			name = Main.storyboard;
			sourceTree = "<group>";
		};
		94FFBE612303DE5D00F766BA /* LaunchScreen.storyboard */ = {
			isa = PBXVariantGroup;
			children = (
				94FFBE622303DE5D00F766BA /* Base */,
			);
			name = LaunchScreen.storyboard;
			sourceTree = "<group>";
		};
/* End PBXVariantGroup section */

/* Begin XCBuildConfiguration section */
		94FFBE7B2303DE5E00F766BA /* Debug */ = {
			isa = XCBuildConfiguration;
			buildSettings = {
				ALWAYS_SEARCH_USER_PATHS = NO;
				CLANG_ANALYZER_NONNULL = YES;
				CLANG_ANALYZER_NUMBER_OBJECT_CONVERSION = YES_AGGRESSIVE;
				CLANG_CXX_LANGUAGE_STANDARD = "gnu++14";
				CLANG_CXX_LIBRARY = "libc++";
				CLANG_ENABLE_MODULES = YES;
				CLANG_ENABLE_OBJC_ARC = YES;
				CLANG_ENABLE_OBJC_WEAK = YES;
				CLANG_WARN_BLOCK_CAPTURE_AUTORELEASING = YES;
				CLANG_WARN_BOOL_CONVERSION = YES;
				CLANG_WARN_COMMA = YES;
				CLANG_WARN_CONSTANT_CONVERSION = YES;
				CLANG_WARN_DEPRECATED_OBJC_IMPLEMENTATIONS = YES;
				CLANG_WARN_DIRECT_OBJC_ISA_USAGE = YES_ERROR;
				CLANG_WARN_DOCUMENTATION_COMMENTS = YES;
				CLANG_WARN_EMPTY_BODY = YES;
				CLANG_WARN_ENUM_CONVERSION = YES;
				CLANG_WARN_INFINITE_RECURSION = YES;
				CLANG_WARN_INT_CONVERSION = YES;
				CLANG_WARN_NON_LITERAL_NULL_CONVERSION = YES;
				CLANG_WARN_OBJC_IMPLICIT_RETAIN_SELF = YES;
				CLANG_WARN_OBJC_LITERAL_CONVERSION = YES;
				CLANG_WARN_OBJC_ROOT_CLASS = YES_ERROR;
				CLANG_WARN_RANGE_LOOP_ANALYSIS = YES;
				CLANG_WARN_STRICT_PROTOTYPES = YES;
				CLANG_WARN_SUSPICIOUS_MOVE = YES;
				CLANG_WARN_UNGUARDED_AVAILABILITY = YES_AGGRESSIVE;
				CLANG_WARN_UNREACHABLE_CODE = YES;
				CLANG_WARN__DUPLICATE_METHOD_MATCH = YES;
				CODE_SIGN_IDENTITY = "iPhone Developer";
				COPY_PHASE_STRIP = NO;
				DEBUG_INFORMATION_FORMAT = dwarf;
				ENABLE_STRICT_OBJC_MSGSEND = YES;
				ENABLE_TESTABILITY = YES;
				GCC_C_LANGUAGE_STANDARD = gnu11;
				GCC_DYNAMIC_NO_PIC = NO;
				GCC_NO_COMMON_BLOCKS = YES;
				GCC_OPTIMIZATION_LEVEL = 0;
				GCC_PREPROCESSOR_DEFINITIONS = (
					"DEBUG=1",
					"$(inherited)",
				);
				GCC_WARN_64_TO_32_BIT_CONVERSION = YES;
				GCC_WARN_ABOUT_RETURN_TYPE = YES_ERROR;
				GCC_WARN_UNDECLARED_SELECTOR = YES;
				GCC_WARN_UNINITIALIZED_AUTOS = YES_AGGRESSIVE;
				GCC_WARN_UNUSED_FUNCTION = YES;
				GCC_WARN_UNUSED_VARIABLE = YES;
				IPHONEOS_DEPLOYMENT_TARGET = 12.4;
				MTL_ENABLE_DEBUG_INFO = INCLUDE_SOURCE;
				MTL_FAST_MATH = YES;
				ONLY_ACTIVE_ARCH = YES;
				SDKROOT = iphoneos;
				SWIFT_ACTIVE_COMPILATION_CONDITIONS = DEBUG;
				SWIFT_OPTIMIZATION_LEVEL = "-Onone";
			};
			name = Debug;
		};
		94FFBE7C2303DE5E00F766BA /* Release */ = {
			isa = XCBuildConfiguration;
			buildSettings = {
				ALWAYS_SEARCH_USER_PATHS = NO;
				CLANG_ANALYZER_NONNULL = YES;
				CLANG_ANALYZER_NUMBER_OBJECT_CONVERSION = YES_AGGRESSIVE;
				CLANG_CXX_LANGUAGE_STANDARD = "gnu++14";
				CLANG_CXX_LIBRARY = "libc++";
				CLANG_ENABLE_MODULES = YES;
				CLANG_ENABLE_OBJC_ARC = YES;
				CLANG_ENABLE_OBJC_WEAK = YES;
				CLANG_WARN_BLOCK_CAPTURE_AUTORELEASING = YES;
				CLANG_WARN_BOOL_CONVERSION = YES;
				CLANG_WARN_COMMA = YES;
				CLANG_WARN_CONSTANT_CONVERSION = YES;
				CLANG_WARN_DEPRECATED_OBJC_IMPLEMENTATIONS = YES;
				CLANG_WARN_DIRECT_OBJC_ISA_USAGE = YES_ERROR;
				CLANG_WARN_DOCUMENTATION_COMMENTS = YES;
				CLANG_WARN_EMPTY_BODY = YES;
				CLANG_WARN_ENUM_CONVERSION = YES;
				CLANG_WARN_INFINITE_RECURSION = YES;
				CLANG_WARN_INT_CONVERSION = YES;
				CLANG_WARN_NON_LITERAL_NULL_CONVERSION = YES;
				CLANG_WARN_OBJC_IMPLICIT_RETAIN_SELF = YES;
				CLANG_WARN_OBJC_LITERAL_CONVERSION = YES;
				CLANG_WARN_OBJC_ROOT_CLASS = YES_ERROR;
				CLANG_WARN_RANGE_LOOP_ANALYSIS = YES;
				CLANG_WARN_STRICT_PROTOTYPES = YES;
				CLANG_WARN_SUSPICIOUS_MOVE = YES;
				CLANG_WARN_UNGUARDED_AVAILABILITY = YES_AGGRESSIVE;
				CLANG_WARN_UNREACHABLE_CODE = YES;
				CLANG_WARN__DUPLICATE_METHOD_MATCH = YES;
				CODE_SIGN_IDENTITY = "iPhone Developer";
				COPY_PHASE_STRIP = NO;
				DEBUG_INFORMATION_FORMAT = "dwarf-with-dsym";
				ENABLE_NS_ASSERTIONS = NO;
				ENABLE_STRICT_OBJC_MSGSEND = YES;
				GCC_C_LANGUAGE_STANDARD = gnu11;
				GCC_NO_COMMON_BLOCKS = YES;
				GCC_WARN_64_TO_32_BIT_CONVERSION = YES;
				GCC_WARN_ABOUT_RETURN_TYPE = YES_ERROR;
				GCC_WARN_UNDECLARED_SELECTOR = YES;
				GCC_WARN_UNINITIALIZED_AUTOS = YES_AGGRESSIVE;
				GCC_WARN_UNUSED_FUNCTION = YES;
				GCC_WARN_UNUSED_VARIABLE = YES;
				IPHONEOS_DEPLOYMENT_TARGET = 12.4;
				MTL_ENABLE_DEBUG_INFO = NO;
				MTL_FAST_MATH = YES;
				SDKROOT = iphoneos;
				SWIFT_COMPILATION_MODE = wholemodule;
				SWIFT_OPTIMIZATION_LEVEL = "-O";
				VALIDATE_PRODUCT = YES;
			};
			name = Release;
		};
		94FFBE7E2303DE5E00F766BA /* Debug */ = {
			isa = XCBuildConfiguration;
			baseConfigurationReference = 3888FA983F69C184C9D06316 /* Pods-DevOpsiOSApp.debug.xcconfig */;
			buildSettings = {
				ASSETCATALOG_COMPILER_APPICON_NAME = AppIcon;
				CODE_SIGN_STYLE = Automatic;
				DEVELOPMENT_TEAM = HC2GTKS8YT;
				INFOPLIST_FILE = DevOpsiOSApp/Info.plist;
				LD_RUNPATH_SEARCH_PATHS = (
					"$(inherited)",
					"@executable_path/Frameworks",
				);
				PRODUCT_BUNDLE_IDENTIFIER = com.fujitsu.DevOpsiOS;
				PRODUCT_NAME = "$(TARGET_NAME)";
				SWIFT_VERSION = 5.0;
				TARGETED_DEVICE_FAMILY = "1,2";
			};
			name = Debug;
		};
		94FFBE7F2303DE5E00F766BA /* Release */ = {
			isa = XCBuildConfiguration;
			baseConfigurationReference = FC3176B33B86B86AAB1055BB /* Pods-DevOpsiOSApp.release.xcconfig */;
			buildSettings = {
				ASSETCATALOG_COMPILER_APPICON_NAME = AppIcon;
				CODE_SIGN_STYLE = Automatic;
				DEVELOPMENT_TEAM = HC2GTKS8YT;
				INFOPLIST_FILE = DevOpsiOSApp/Info.plist;
				LD_RUNPATH_SEARCH_PATHS = (
					"$(inherited)",
					"@executable_path/Frameworks",
				);
				PRODUCT_BUNDLE_IDENTIFIER = com.fujitsu.DevOpsiOS;
				PRODUCT_NAME = "$(TARGET_NAME)";
				SWIFT_VERSION = 5.0;
				TARGETED_DEVICE_FAMILY = "1,2";
			};
			name = Release;
		};
		94FFBE812303DE5E00F766BA /* Debug */ = {
			isa = XCBuildConfiguration;
			baseConfigurationReference = EB98070669048297BA52D579 /* Pods-DevOpsiOSAppTests.debug.xcconfig */;
			buildSettings = {
				ALWAYS_EMBED_SWIFT_STANDARD_LIBRARIES = YES;
				BUNDLE_LOADER = "$(TEST_HOST)";
				CODE_SIGN_STYLE = Automatic;
				DEVELOPMENT_TEAM = DGPZYM6BUK;
				INFOPLIST_FILE = DevOpsiOSAppTests/Info.plist;
				LD_RUNPATH_SEARCH_PATHS = (
					"$(inherited)",
					"@executable_path/Frameworks",
					"@loader_path/Frameworks",
				);
				PRODUCT_BUNDLE_IDENTIFIER = com.fujitsu.DevOpsiOSAppTests;
				PRODUCT_NAME = "$(TARGET_NAME)";
				SWIFT_VERSION = 5.0;
				TARGETED_DEVICE_FAMILY = "1,2";
				TEST_HOST = "$(BUILT_PRODUCTS_DIR)/DevOpsiOSApp.app/DevOpsiOSApp";
			};
			name = Debug;
		};
		94FFBE822303DE5E00F766BA /* Release */ = {
			isa = XCBuildConfiguration;
			baseConfigurationReference = 65FF1B1225BD3A64B8C6B5D1 /* Pods-DevOpsiOSAppTests.release.xcconfig */;
			buildSettings = {
				ALWAYS_EMBED_SWIFT_STANDARD_LIBRARIES = YES;
				BUNDLE_LOADER = "$(TEST_HOST)";
				CODE_SIGN_STYLE = Automatic;
				DEVELOPMENT_TEAM = DGPZYM6BUK;
				INFOPLIST_FILE = DevOpsiOSAppTests/Info.plist;
				LD_RUNPATH_SEARCH_PATHS = (
					"$(inherited)",
					"@executable_path/Frameworks",
					"@loader_path/Frameworks",
				);
				PRODUCT_BUNDLE_IDENTIFIER = com.fujitsu.DevOpsiOSAppTests;
				PRODUCT_NAME = "$(TARGET_NAME)";
				SWIFT_VERSION = 5.0;
				TARGETED_DEVICE_FAMILY = "1,2";
				TEST_HOST = "$(BUILT_PRODUCTS_DIR)/DevOpsiOSApp.app/DevOpsiOSApp";
			};
			name = Release;
		};
		94FFBE842303DE5E00F766BA /* Debug */ = {
			isa = XCBuildConfiguration;
			baseConfigurationReference = 2E6551D58142EB1D755382BD /* Pods-DevOpsiOSAppUITests.debug.xcconfig */;
			buildSettings = {
				ALWAYS_EMBED_SWIFT_STANDARD_LIBRARIES = YES;
				CODE_SIGN_STYLE = Automatic;
				DEVELOPMENT_TEAM = DGPZYM6BUK;
				INFOPLIST_FILE = DevOpsiOSAppUITests/Info.plist;
				LD_RUNPATH_SEARCH_PATHS = (
					"$(inherited)",
					"@executable_path/Frameworks",
					"@loader_path/Frameworks",
				);
				PRODUCT_BUNDLE_IDENTIFIER = com.fujitsu.DevOpsiOSAppUITests;
				PRODUCT_NAME = "$(TARGET_NAME)";
				SWIFT_VERSION = 5.0;
				TARGETED_DEVICE_FAMILY = "1,2";
				TEST_TARGET_NAME = DevOpsiOSApp;
			};
			name = Debug;
		};
		94FFBE852303DE5E00F766BA /* Release */ = {
			isa = XCBuildConfiguration;
			baseConfigurationReference = EC3EA06AA9EBC7EB786D065A /* Pods-DevOpsiOSAppUITests.release.xcconfig */;
			buildSettings = {
				ALWAYS_EMBED_SWIFT_STANDARD_LIBRARIES = YES;
				CODE_SIGN_STYLE = Automatic;
				DEVELOPMENT_TEAM = DGPZYM6BUK;
				INFOPLIST_FILE = DevOpsiOSAppUITests/Info.plist;
				LD_RUNPATH_SEARCH_PATHS = (
					"$(inherited)",
					"@executable_path/Frameworks",
					"@loader_path/Frameworks",
				);
				PRODUCT_BUNDLE_IDENTIFIER = com.fujitsu.DevOpsiOSAppUITests;
				PRODUCT_NAME = "$(TARGET_NAME)";
				SWIFT_VERSION = 5.0;
				TARGETED_DEVICE_FAMILY = "1,2";
				TEST_TARGET_NAME = DevOpsiOSApp;
			};
			name = Release;
		};
/* End XCBuildConfiguration section */

/* Begin XCConfigurationList section */
		94FFBE502303DE5A00F766BA /* Build configuration list for PBXProject "DevOpsiOSApp" */ = {
			isa = XCConfigurationList;
			buildConfigurations = (
				94FFBE7B2303DE5E00F766BA /* Debug */,
				94FFBE7C2303DE5E00F766BA /* Release */,
			);
			defaultConfigurationIsVisible = 0;
			defaultConfigurationName = Release;
		};
		94FFBE7D2303DE5E00F766BA /* Build configuration list for PBXNativeTarget "DevOpsiOSApp" */ = {
			isa = XCConfigurationList;
			buildConfigurations = (
				94FFBE7E2303DE5E00F766BA /* Debug */,
				94FFBE7F2303DE5E00F766BA /* Release */,
			);
			defaultConfigurationIsVisible = 0;
			defaultConfigurationName = Release;
		};
		94FFBE802303DE5E00F766BA /* Build configuration list for PBXNativeTarget "DevOpsiOSAppTests" */ = {
			isa = XCConfigurationList;
			buildConfigurations = (
				94FFBE812303DE5E00F766BA /* Debug */,
				94FFBE822303DE5E00F766BA /* Release */,
			);
			defaultConfigurationIsVisible = 0;
			defaultConfigurationName = Release;
		};
		94FFBE832303DE5E00F766BA /* Build configuration list for PBXNativeTarget "DevOpsiOSAppUITests" */ = {
			isa = XCConfigurationList;
			buildConfigurations = (
				94FFBE842303DE5E00F766BA /* Debug */,
				94FFBE852303DE5E00F766BA /* Release */,
			);
			defaultConfigurationIsVisible = 0;
			defaultConfigurationName = Release;
		};
/* End XCConfigurationList section */
	};
	rootObject = 94FFBE4D2303DE5A00F766BA /* Project object */;
}
